{
  "version": 4,
  "terraform_version": "1.16.1",
  "serial": 23,
  "lineage": "636b865e-e59a-30ec-c7da-06f72cf4f2c6",
  "outputs": {
    "ec2_instance_id": {
      "value": "i-01a2c5bad18dfe306",
      "type": "string"
    },
    "ec2_poller_role_arn": {
      "value": "arn:aws:iam::453914763342:role/sensor-kpi-ap-ec2-poller-role",
      "type": "string"
    },
    "ec2_private_key_path": {
      "value": "/home/bfa/kpidatareporttf/sensor-kpi-ec2.pem",
      "type": "string"
    },
    "ec2_ssh_key_name": {
      "value": "sensor-kpi-ap-ec2-key",
      "type": "string"
    },
    "raw_bucket_name": {
      "value": "raw-sensor-data-bucket-bfa-20260915-ap",
      "type": "string"
    },
    "sns_topic_arn": {
      "value": "arn:aws:sns:ap-south-1:453914763342:sensor-data-topic",
      "type": "string"
    },
    "sqs_dlq_url": {
      "value": "https://sqs.ap-south-1.amazonaws.com/453914763342/sensor-data-queue-dlq",
      "type": "string"
    },
    "sqs_queue_arn": {
      "value": "arn:aws:sqs:ap-south-1:453914763342:sensor-data-queue",
      "type": "string"
    },
    "sqs_queue_url": {
      "value": "https://sqs.ap-south-1.amazonaws.com/453914763342/sensor-data-queue",
      "type": "string"
    }
  },
  "resources": [
    {
      "mode": "data",
      "type": "aws_ami",
      "name": "al2023",
      "provider": "provider[\"registry.terraform.io/hashicorp/aws\"]",
      "instances": [
        {
          "index_key": 0,
          "schema_version": 0,
          "attributes": {
            "architecture": "x86_64",
            "arn": "arn:aws:ec2:ap-south-1::image/ami-0efe89759aa766662",
            "block_device_mappings": [
              {
                "device_name": "/dev/xvda",
                "ebs": {
                  "delete_on_termination": "true",
                  "encrypted": "false",
                  "iops": "3000",
                  "snapshot_id": "snap-000294702003af4e1",
                  "throughput": "125",
                  "volume_initialization_rate": "0",
                  "volume_size": "2",
                  "volume_type": "gp3"
                },
                "no_device": "",
                "virtual_name": ""
              }
            ],
            "boot_mode": "uefi-preferred",
            "creation_date": "2026-09-10T20:07:33.000Z",
            "deprecation_time": "2026-12-09T20:09:00.000Z",
            "description": "Amazon Linux 2023 AMI 2023.12.20260914.0 x86_64 Minimal HVM kernel-6.18",
            "ena_support": true,
            "executable_users": null,
            "filter": [
              {
                "name": "name",
                "values": [
                  "al2023-ami-*-x86_64"
                ]
              }
            ],
            "hypervisor": "xen",
            "id": "ami-0efe89759aa766662",
            "image_id": "ami-0efe89759aa766662",
            "image_location": "amazon/al2023-ami-minimal-2023.12.20260914.0-kernel-6.18-x86_64",
            "image_owner_alias": "amazon",
            "image_type": "machine",
            "imds_support": "v2.0",
            "include_deprecated": false,
            "kernel_id": "",
            "last_launched_time": "",
            "most_recent": true,
            "name": "al2023-ami-minimal-2023.12.20260914.0-kernel-6.18-x86_64",
            "name_regex": null,
            "owner_id": "137112412989",
            "owners": [
              "amazon"
            ],
            "platform": "",
            "platform_details": "Linux/UNIX",
            "product_codes": [],
            "public": true,
            "ramdisk_id": "",
            "root_device_name": "/dev/xvda",
            "root_device_type": "ebs",
            "root_snapshot_id": "snap-000294702003af4e1",
            "sriov_net_support": "simple",
            "state": "available",
            "state_reason": {
              "code": "UNSET",
              "message": "UNSET"
            },
            "tags": {},
            "timeouts": null,
            "tpm_support": "",
            "uefi_data": null,
            "usage_operation": "RunInstances",
            "virtualization_type": "hvm"
          },
          "sensitive_attributes": [],
          "identity_schema_version": 0
        }
      ]
    },
    {
      "mode": "data",
      "type": "aws_caller_identity",
      "name": "current",
      "provider": "provider[\"registry.terraform.io/hashicorp/aws\"]",
      "instances": [
        {
          "schema_version": 0,
          "attributes": {
            "account_id": "453914763342",
            "arn": "arn:aws:iam::453914763342:user/cfdlds",
            "id": "453914763342",
            "user_id": "AIDAWTL3NUBHBLG4YSWU4"
          },
          "sensitive_attributes": [],
          "identity_schema_version": 0
        }
      ]
    },
    {
      "mode": "managed",
      "type": "aws_cloudwatch_metric_alarm",
      "name": "dlq_not_empty",
      "provider": "provider[\"registry.terraform.io/hashicorp/aws\"]",
      "instances": [
        {
          "schema_version": 1,
          "attributes": {
            "actions_enabled": true,
            "alarm_actions": null,
            "alarm_description": "One or more sensor data messages failed processing and landed in the DLQ.",
            "alarm_name": "sensor-kpi-ap-dlq-messages-visible",
            "arn": "arn:aws:cloudwatch:ap-south-1:453914763342:alarm:sensor-kpi-ap-dlq-messages-visible",
            "comparison_operator": "GreaterThanThreshold",
            "datapoints_to_alarm": 0,
            "dimensions": {
              "QueueName": "sensor-data-queue-dlq"
            },
            "evaluate_low_sample_count_percentiles": "",
            "evaluation_periods": 1,
            "extended_statistic": "",
            "id": "sensor-kpi-ap-dlq-messages-visible",
            "insufficient_data_actions": null,
            "metric_name": "ApproximateNumberOfMessagesVisible",
            "metric_query": [],
            "namespace": "AWS/SQS",
            "ok_actions": null,
            "period": 300,
            "statistic": "Maximum",
            "tags": {
              "Environment": "prod",
              "Project": "sensor-kpi-pipeline"
            },
            "tags_all": {
              "Environment": "prod",
              "Project": "sensor-kpi-pipeline"
            },
            "threshold": 0,
            "threshold_metric_id": "",
            "treat_missing_data": "missing",
            "unit": ""
          },
          "sensitive_attributes": [],
          "identity_schema_version": 0,
          "private": "eyJzY2hlbWFfdmVyc2lvbiI6IjEifQ==",
          "dependencies": [
            "aws_sqs_queue.sensor_data_dlq"
          ]
        }
      ]
    },
    {
      "mode": "managed",
      "type": "aws_iam_instance_profile",
      "name": "ec2_poller",
      "provider": "provider[\"registry.terraform.io/hashicorp/aws\"]",
      "instances": [
        {
          "schema_version": 0,
          "attributes": {
            "arn": "arn:aws:iam::453914763342:instance-profile/sensor-kpi-ap-ec2-poller-profile",
            "create_date": "2026-09-15T08:11:26Z",
            "id": "sensor-kpi-ap-ec2-poller-profile",
            "name": "sensor-kpi-ap-ec2-poller-profile",
            "name_prefix": "",
            "path": "/",
            "role": "sensor-kpi-ap-ec2-poller-role",
            "tags": null,
            "tags_all": {},
            "unique_id": "AIPAWTL3NUBHJ6LP37PAQ"
          },
          "sensitive_attributes": [],
          "identity_schema_version": 0,
          "private": "bnVsbA==",
          "dependencies": [
            "aws_iam_role.ec2_poller"
          ]
        }
      ]
    },
    {
      "mode": "managed",
      "type": "aws_iam_role",
      "name": "ec2_poller",
      "provider": "provider[\"registry.terraform.io/hashicorp/aws\"]",
      "instances": [
        {
          "schema_version": 0,
          "attributes": {
            "arn": "arn:aws:iam::453914763342:role/sensor-kpi-ap-ec2-poller-role",
            "assume_role_policy": "{\"Statement\":[{\"Action\":\"sts:AssumeRole\",\"Effect\":\"Allow\",\"Principal\":{\"Service\":\"ec2.amazonaws.com\"}}],\"Version\":\"2012-10-17\"}",
            "create_date": "2026-09-15T08:11:25Z",
            "description": "",
            "force_detach_policies": false,
            "id": "sensor-kpi-ap-ec2-poller-role",
            "inline_policy": [],
            "managed_policy_arns": [],
            "max_session_duration": 3600,
            "name": "sensor-kpi-ap-ec2-poller-role",
            "name_prefix": "",
            "path": "/",
            "permissions_boundary": "",
            "tags": {
              "Environment": "prod",
              "Project": "sensor-kpi-pipeline"
            },
            "tags_all": {
              "Environment": "prod",
              "Project": "sensor-kpi-pipeline"
            },
            "unique_id": "AROAWTL3NUBHGW6I25SHN"
          },
          "sensitive_attributes": [],
          "identity_schema_version": 0,
          "private": "bnVsbA=="
        }
      ]
    },
    {
      "mode": "managed",
      "type": "aws_iam_role_policy",
      "name": "ec2_poller",
      "provider": "provider[\"registry.terraform.io/hashicorp/aws\"]",
      "instances": [
        {
          "schema_version": 0,
          "attributes": {
            "id": "sensor-kpi-ap-ec2-poller-role:sensor-kpi-ap-ec2-poller-policy",
            "name": "sensor-kpi-ap-ec2-poller-policy",
            "name_prefix": "",
            "policy": "{\"Version\":\"2012-10-17\",\"Statement\":[{\"Action\":[\"s3:GetObject\",\"s3:ListBucket\",\"s3:GetBucketNotification\"],\"Effect\":\"Allow\",\"Resource\":[\"arn:aws:s3:::raw-sensor-data-bucket-bfa-20260915-ap\",\"arn:aws:s3:::raw-sensor-data-bucket-bfa-20260915-ap/*\"],\"Sid\":\"ReadRawBucket\"},{\"Action\":[\"sns:GetTopicAttributes\"],\"Effect\":\"Allow\",\"Resource\":\"arn:aws:sns:ap-south-1:453914763342:sensor-data-topic\",\"Sid\":\"InspectNotificationTopic\"},{\"Action\":[\"sqs:ReceiveMessage\",\"sqs:DeleteMessage\",\"sqs:GetQueueAttributes\",\"sqs:GetQueueUrl\"],\"Effect\":\"Allow\",\"Resource\":\"arn:aws:sqs:ap-south-1:453914763342:sensor-data-queue\",\"Sid\":\"ConsumeQueue\"},{\"Action\":[\"logs:CreateLogGroup\",\"logs:CreateLogStream\",\"logs:PutLogEvents\"],\"Effect\":\"Allow\",\"Resource\":\"arn:aws:logs:ap-south-1:453914763342:log-group:/sensor-kpi/*\",\"Sid\":\"CloudWatchLogs\"}]}",
            "role": "sensor-kpi-ap-ec2-poller-role"
          },
          "sensitive_attributes": [],
          "identity_schema_version": 0,
          "private": "bnVsbA==",
          "dependencies": [
            "aws_iam_role.ec2_poller",
            "aws_s3_bucket.raw_sensor_data",
            "aws_sns_topic.sensor_data",
            "aws_sqs_queue.sensor_data",
            "aws_sqs_queue.sensor_data_dlq",
            "data.aws_caller_identity.current"
          ]
        }
      ]
    },
    {
      "mode": "managed",
      "type": "aws_iam_role_policy_attachment",
      "name": "ec2_poller_ssm",
      "provider": "provider[\"registry.terraform.io/hashicorp/aws\"]",
      "instances": [
        {
          "schema_version": 0,
          "attributes": {
            "id": "sensor-kpi-ap-ec2-poller-role-20260915081126678500000001",
            "policy_arn": "arn:aws:iam::aws:policy/AmazonSSMManagedInstanceCore",
            "role": "sensor-kpi-ap-ec2-poller-role"
          },
          "sensitive_attributes": [],
          "identity_schema_version": 0,
          "private": "bnVsbA==",
          "dependencies": [
            "aws_iam_role.ec2_poller"
          ]
        }
      ]
    },
    {
      "mode": "managed",
      "type": "aws_instance",
      "name": "ec2_poller",
      "provider": "provider[\"registry.terraform.io/hashicorp/aws\"]",
      "instances": [
        {
          "index_key": 0,
          "schema_version": 1,
          "attributes": {
            "ami": "ami-0efe89759aa766662",
            "arn": "arn:aws:ec2:ap-south-1:453914763342:instance/i-01a2c5bad18dfe306",
            "associate_public_ip_address": true,
            "availability_zone": "ap-south-1b",
            "capacity_reservation_specification": [
              {
                "capacity_reservation_preference": "open",
                "capacity_reservation_target": []
              }
            ],
            "cpu_core_count": 1,
            "cpu_options": [
              {
                "amd_sev_snp": "",
                "core_count": 1,
                "threads_per_core": 2
              }
            ],
            "cpu_threads_per_core": 2,
            "credit_specification": [
              {
                "cpu_credits": "unlimited"
              }
            ],
            "disable_api_stop": false,
            "disable_api_termination": false,
            "ebs_block_device": [],
            "ebs_optimized": false,
            "enable_primary_ipv6": null,
            "enclave_options": [
              {
                "enabled": false
              }
            ],
            "ephemeral_block_device": [],
            "get_password_data": false,
            "hibernation": false,
            "host_id": "",
            "host_resource_group_arn": null,
            "iam_instance_profile": "sensor-kpi-ap-ec2-poller-profile",
            "id": "i-01a2c5bad18dfe306",
            "instance_initiated_shutdown_behavior": "stop",
            "instance_lifecycle": "",
            "instance_market_options": [],
            "instance_state": "running",
            "instance_type": "t3.small",
            "ipv6_address_count": 0,
            "ipv6_addresses": [],
            "key_name": "sensor-kpi-ap-ec2-key",
            "launch_template": [],
            "maintenance_options": [
              {
                "auto_recovery": "default"
              }
            ],
            "metadata_options": [
              {
                "http_endpoint": "enabled",
                "http_protocol_ipv6": "disabled",
                "http_put_response_hop_limit": 2,
                "http_tokens": "required",
                "instance_metadata_tags": "disabled"
              }
            ],
            "monitoring": false,
            "network_interface": [],
            "outpost_arn": "",
            "password_data": "",
            "placement_group": "",
            "placement_partition_number": 0,
            "primary_network_interface_id": "eni-05c08b2a801aa1399",
            "private_dns": "ip-172-31-14-137.ap-south-1.compute.internal",
            "private_dns_name_options": [
              {
                "enable_resource_name_dns_a_record": false,
                "enable_resource_name_dns_aaaa_record": false,
                "hostname_type": "ip-name"
              }
            ],
            "private_ip": "172.31.14.137",
            "public_dns": "ec2-15-252-106-220.ap-south-1.compute.amazonaws.com",
            "public_ip": "15.252.106.220",
            "root_block_device": [
              {
                "delete_on_termination": true,
                "device_name": "/dev/xvda",
                "encrypted": true,
                "iops": 3000,
                "kms_key_id": "arn:aws:kms:ap-south-1:453914763342:key/985ea9e1-f788-44ea-ae18-a68ebb781cee",
                "tags": null,
                "tags_all": {},
                "throughput": 125,
                "volume_id": "vol-05d081ec08711797a",
                "volume_size": 20,
                "volume_type": "gp3"
              }
            ],
            "secondary_private_ips": [],
            "security_groups": [
              "sensor-kpi-ap-ec2-poller-sg"
            ],
            "source_dest_check": true,
            "spot_instance_request_id": "",
            "subnet_id": "subnet-069eb95dce0a52ed0",
            "tags": {
              "Environment": "prod",
              "Name": "sensor-kpi-ap-ec2-poller",
              "Project": "sensor-kpi-pipeline"
            },
            "tags_all": {
              "Environment": "prod",
              "Name": "sensor-kpi-ap-ec2-poller",
              "Project": "sensor-kpi-pipeline"
            },
            "tenancy": "default",
            "timeouts": null,
            "user_data": "eb79b985202b556ac6716981b90bc868f20a0fae",
            "user_data_base64": null,
            "user_data_replace_on_change": false,
            "volume_tags": null,
            "vpc_security_group_ids": [
              "sg-0a6f9b9a2fa4d9ed4"
            ]
          },
          "sensitive_attributes": [],
          "identity_schema_version": 0,
          "private": "eyJlMmJmYjczMC1lY2FhLTExZTYtOGY4OC0zNDM2M2JjN2M0YzAiOnsiY3JlYXRlIjo2MDAwMDAwMDAwMDAsImRlbGV0ZSI6MTIwMDAwMDAwMDAwMCwicmVhZCI6OTAwMDAwMDAwMDAwLCJ1cGRhdGUiOjYwMDAwMDAwMDAwMH0sInNjaGVtYV92ZXJzaW9uIjoiMSJ9",
          "dependencies": [
            "aws_iam_instance_profile.ec2_poller",
            "aws_iam_role.ec2_poller",
            "aws_key_pair.ec2_poller",
            "aws_security_group.ec2_poller",
            "data.aws_ami.al2023",
            "tls_private_key.ec2_poller"
          ]
        }
      ]
    },
    {
      "mode": "managed",
      "type": "aws_key_pair",
      "name": "ec2_poller",
      "provider": "provider[\"registry.terraform.io/hashicorp/aws\"]",
      "instances": [
        {
          "index_key": 0,
          "schema_version": 1,
          "attributes": {
            "arn": "arn:aws:ec2:ap-south-1:453914763342:key-pair/sensor-kpi-ap-ec2-key",
            "fingerprint": "9c:e5:07:fc:6c:43:f9:81:5d:a8:08:13:55:0f:e2:c1",
            "id": "sensor-kpi-ap-ec2-key",
            "key_name": "sensor-kpi-ap-ec2-key",
            "key_name_prefix": "",
            "key_pair_id": "key-0c6bc5e30d681fe2e",
            "key_type": "rsa",
            "public_key": "ssh-rsa AAAAB3NzaC1yc2EAAAADAQABAAACAQCg5KqxygTp6+o1Y+DxGvNpYhiVfp1faBDEESYTx2MPCeGq7Z9SGWAF5wkNNLHdKTxL6jJaLXcAifZarF3KJJoC4MaRJqTmmAp8t9H7TlXe++tVRtHXAzR6A7R034qKj0K3FsT3wsLd/7uL/9/Zk0xri89x8B1WsA3xPVR3YHygI3JKywN8LI+IDLf1jbj0Ns6m5TIdvtH4EL0G/8oOKXvBi7xWfAFguCVX39UA4iBthy/BLzmYN9budDTPoflkK4AStFgni7mSKhw/T7pRjCr/I94iB/GwCEQ6nVfDh19VtXufCJT1eVWFStlPDgFaUrdlgrPS47J2/rLDf1MoTIgoCm9GE4gVMl5CrShUC97HaeVAFMeWw7ZDS/LkWVYHxTe93q/yzEqpY/LDGmOJn0kg70UoNunlkG3zJk2K63L0uQt/9GsAiwxrJXmuMTWWLOdcDZkdheFV1CX9xQtg4Rpo6nmQJk6zVe8Fv7p+UIAzXuGfZOPImtmm8eSxrFxFsCNIRCQCJhvGZkDqEnjGp/8p6e9ZyjdIN4+USqg9UQI8W4zoneKKEQtaJRasQ/ZK5D9idZ0ZMm/HrrVl7V7M4HUlR9Xd+qug4MOIHWnjJZO83msG9geJXJkBpex7zBe3wsl21TfVFWchdTSp6CZSZSOV43EBcx/aJMkxSZDkMiW+IQ==",
            "tags": {
              "Environment": "prod",
              "Project": "sensor-kpi-pipeline"
            },
            "tags_all": {
              "Environment": "prod",
              "Project": "sensor-kpi-pipeline"
            }
          },
          "sensitive_attributes": [],
          "identity_schema_version": 0,
          "private": "eyJzY2hlbWFfdmVyc2lvbiI6IjEifQ==",
          "dependencies": [
            "tls_private_key.ec2_poller"
          ]
        }
      ]
    },
    {
      "mode": "managed",
      "type": "aws_s3_bucket",
      "name": "raw_sensor_data",
      "provider": "provider[\"registry.terraform.io/hashicorp/aws\"]",
      "instances": [
        {
          "schema_version": 0,
          "attributes": {
            "acceleration_status": "",
            "acl": null,
            "arn": "arn:aws:s3:::raw-sensor-data-bucket-bfa-20260915-ap",
            "bucket": "raw-sensor-data-bucket-bfa-20260915-ap",
            "bucket_domain_name": "raw-sensor-data-bucket-bfa-20260915-ap.s3.amazonaws.com",
            "bucket_prefix": "",
            "bucket_regional_domain_name": "raw-sensor-data-bucket-bfa-20260915-ap.s3.ap-south-1.amazonaws.com",
            "cors_rule": [],
            "force_destroy": false,
            "grant": [
              {
                "id": "c2a40659f9593cb7549b2e14b953bbad14686a1eed90b6c2b5ac6662d81ee562",
                "permissions": [
                  "FULL_CONTROL"
                ],
                "type": "CanonicalUser",
                "uri": ""
              }
            ],
            "hosted_zone_id": "Z11RGJOFQNVJUP",
            "id": "raw-sensor-data-bucket-bfa-20260915-ap",
            "lifecycle_rule": [],
            "logging": [],
            "object_lock_configuration": [],
            "object_lock_enabled": false,
            "policy": "",
            "region": "ap-south-1",
            "replication_configuration": [],
            "request_payer": "BucketOwner",
            "server_side_encryption_configuration": [
              {
                "rule": [
                  {
                    "apply_server_side_encryption_by_default": [
                      {
                        "kms_master_key_id": "",
                        "sse_algorithm": "AES256"
                      }
                    ],
                    "bucket_key_enabled": false
                  }
                ]
              }
            ],
            "tags": {
              "Environment": "prod",
              "Project": "sensor-kpi-pipeline"
            },
            "tags_all": {
              "Environment": "prod",
              "Project": "sensor-kpi-pipeline"
            },
            "timeouts": null,
            "versioning": [
              {
                "enabled": false,
                "mfa_delete": false
              }
            ],
            "website": [],
            "website_domain": null,
            "website_endpoint": null
          },
          "sensitive_attributes": [],
          "identity_schema_version": 0,
          "private": "eyJlMmJmYjczMC1lY2FhLTExZTYtOGY4OC0zNDM2M2JjN2M0YzAiOnsiY3JlYXRlIjoxMjAwMDAwMDAwMDAwLCJkZWxldGUiOjM2MDAwMDAwMDAwMDAsInJlYWQiOjEyMDAwMDAwMDAwMDAsInVwZGF0ZSI6MTIwMDAwMDAwMDAwMH19"
        }
      ]
    },
    {
      "mode": "managed",
      "type": "aws_s3_bucket_lifecycle_configuration",
      "name": "raw_sensor_data",
      "provider": "provider[\"registry.terraform.io/hashicorp/aws\"]",
      "instances": [
        {
          "schema_version": 1,
          "attributes": {
            "bucket": "raw-sensor-data-bucket-bfa-20260915-ap",
            "expected_bucket_owner": "",
            "id": "raw-sensor-data-bucket-bfa-20260915-ap",
            "rule": [
              {
                "abort_incomplete_multipart_upload": [],
                "expiration": [
                  {
                    "date": null,
                    "days": 365,
                    "expired_object_delete_marker": false
                  }
                ],
                "filter": [
                  {
                    "and": [],
                    "object_size_greater_than": null,
                    "object_size_less_than": null,
                    "prefix": "raw-sensor-data/",
                    "tag": []
                  }
                ],
                "id": "expire-old-raw-objects",
                "noncurrent_version_expiration": [],
                "noncurrent_version_transition": [],
                "prefix": "",
                "status": "Enabled",
                "transition": [
                  {
                    "date": null,
                    "days": 30,
                    "storage_class": "STANDARD_IA"
                  }
                ]
              }
            ],
            "timeouts": null,
            "transition_default_minimum_object_size": "all_storage_classes_128K"
          },
          "sensitive_attributes": [],
          "identity_schema_version": 0,
          "dependencies": [
            "aws_s3_bucket.raw_sensor_data"
          ]
        }
      ]
    },
    {
      "mode": "managed",
      "type": "aws_s3_bucket_notification",
      "name": "raw_sensor_data",
      "provider": "provider[\"registry.terraform.io/hashicorp/aws\"]",
      "instances": [
        {
          "schema_version": 0,
          "attributes": {
            "bucket": "raw-sensor-data-bucket-bfa-20260915-ap",
            "eventbridge": false,
            "id": "raw-sensor-data-bucket-bfa-20260915-ap",
            "lambda_function": [],
            "queue": [],
            "topic": [
              {
                "events": [
                  "s3:ObjectCreated:*"
                ],
                "filter_prefix": "raw-sensor-data/",
                "filter_suffix": "",
                "id": "tf-s3-topic-20260915081126834600000002",
                "topic_arn": "arn:aws:sns:ap-south-1:453914763342:sensor-data-topic"
              }
            ]
          },
          "sensitive_attributes": [],
          "identity_schema_version": 0,
          "private": "bnVsbA==",
          "dependencies": [
            "aws_s3_bucket.raw_sensor_data",
            "aws_sns_topic.sensor_data",
            "aws_sns_topic_policy.sensor_data"
          ]
        }
      ]
    },
    {
      "mode": "managed",
      "type": "aws_s3_bucket_public_access_block",
      "name": "raw_sensor_data",
      "provider": "provider[\"registry.terraform.io/hashicorp/aws\"]",
      "instances": [
        {
          "schema_version": 0,
          "attributes": {
            "block_public_acls": true,
            "block_public_policy": true,
            "bucket": "raw-sensor-data-bucket-bfa-20260915-ap",
            "id": "raw-sensor-data-bucket-bfa-20260915-ap",
            "ignore_public_acls": true,
            "restrict_public_buckets": true
          },
          "sensitive_attributes": [],
          "identity_schema_version": 0,
          "private": "bnVsbA==",
          "dependencies": [
            "aws_s3_bucket.raw_sensor_data"
          ]
        }
      ]
    },
    {
      "mode": "managed",
      "type": "aws_s3_bucket_versioning",
      "name": "raw_sensor_data",
      "provider": "provider[\"registry.terraform.io/hashicorp/aws\"]",
      "instances": [
        {
          "schema_version": 0,
          "attributes": {
            "bucket": "raw-sensor-data-bucket-bfa-20260915-ap",
            "expected_bucket_owner": "",
            "id": "raw-sensor-data-bucket-bfa-20260915-ap",
            "mfa": null,
            "versioning_configuration": [
              {
                "mfa_delete": "",
                "status": "Enabled"
              }
            ]
          },
          "sensitive_attributes": [],
          "identity_schema_version": 0,
          "private": "bnVsbA==",
          "dependencies": [
            "aws_s3_bucket.raw_sensor_data"
          ]
        }
      ]
    },
    {
      "mode": "managed",
      "type": "aws_security_group",
      "name": "ec2_poller",
      "provider": "provider[\"registry.terraform.io/hashicorp/aws\"]",
      "instances": [
        {
          "index_key": 0,
          "schema_version": 1,
          "attributes": {
            "arn": "arn:aws:ec2:ap-south-1:453914763342:security-group/sg-0a6f9b9a2fa4d9ed4",
            "description": "No inbound rules -- access via SSM Session Manager only.",
            "egress": [
              {
                "cidr_blocks": [
                  "0.0.0.0/0"
                ],
                "description": "Allow all outbound (S3, SQS, SNS, SSM endpoints)",
                "from_port": 0,
                "ipv6_cidr_blocks": [],
                "prefix_list_ids": [],
                "protocol": "-1",
                "security_groups": [],
                "self": false,
                "to_port": 0
              }
            ],
            "id": "sg-0a6f9b9a2fa4d9ed4",
            "ingress": [],
            "name": "sensor-kpi-ap-ec2-poller-sg",
            "name_prefix": "",
            "owner_id": "453914763342",
            "revoke_rules_on_delete": false,
            "tags": {
              "Environment": "prod",
              "Project": "sensor-kpi-pipeline"
            },
            "tags_all": {
              "Environment": "prod",
              "Project": "sensor-kpi-pipeline"
            },
            "timeouts": null,
            "vpc_id": "vpc-0df0b58b8d9e315f1"
          },
          "sensitive_attributes": [],
          "identity_schema_version": 0,
          "private": "eyJlMmJmYjczMC1lY2FhLTExZTYtOGY4OC0zNDM2M2JjN2M0YzAiOnsiY3JlYXRlIjo2MDAwMDAwMDAwMDAsImRlbGV0ZSI6OTAwMDAwMDAwMDAwfSwic2NoZW1hX3ZlcnNpb24iOiIxIn0="
        }
      ]
    },
    {
      "mode": "managed",
      "type": "aws_security_group_rule",
      "name": "ec2_ssh",
      "provider": "provider[\"registry.terraform.io/hashicorp/aws\"]",
      "instances": [
        {
          "index_key": 0,
          "schema_version": 2,
          "attributes": {
            "cidr_blocks": [
              "223.233.80.157/32"
            ],
            "description": "SSH access from the configured administrator IP",
            "from_port": 22,
            "id": "sgrule-2914673057",
            "ipv6_cidr_blocks": null,
            "prefix_list_ids": null,
            "protocol": "tcp",
            "security_group_id": "sg-0a6f9b9a2fa4d9ed4",
            "security_group_rule_id": "sgr-036a5f681d7562cd6",
            "self": false,
            "source_security_group_id": null,
            "timeouts": null,
            "to_port": 22,
            "type": "ingress"
          },
          "sensitive_attributes": [],
          "identity_schema_version": 0,
          "private": "eyJlMmJmYjczMC1lY2FhLTExZTYtOGY4OC0zNDM2M2JjN2M0YzAiOnsiY3JlYXRlIjozMDAwMDAwMDAwMDB9LCJzY2hlbWFfdmVyc2lvbiI6IjIifQ==",
          "dependencies": [
            "aws_security_group.ec2_poller"
          ]
        }
      ]
    },
    {
      "mode": "managed",
      "type": "aws_sns_topic",
      "name": "sensor_data",
      "provider": "provider[\"registry.terraform.io/hashicorp/aws\"]",
      "instances": [
        {
          "schema_version": 0,
          "attributes": {
            "application_failure_feedback_role_arn": "",
            "application_success_feedback_role_arn": "",
            "application_success_feedback_sample_rate": 0,
            "archive_policy": "",
            "arn": "arn:aws:sns:ap-south-1:453914763342:sensor-data-topic",
            "beginning_archive_time": "",
            "content_based_deduplication": false,
            "delivery_policy": "",
            "display_name": "",
            "fifo_throughput_scope": "",
            "fifo_topic": false,
            "firehose_failure_feedback_role_arn": "",
            "firehose_success_feedback_role_arn": "",
            "firehose_success_feedback_sample_rate": 0,
            "http_failure_feedback_role_arn": "",
            "http_success_feedback_role_arn": "",
            "http_success_feedback_sample_rate": 0,
            "id": "arn:aws:sns:ap-south-1:453914763342:sensor-data-topic",
            "kms_master_key_id": "",
            "lambda_failure_feedback_role_arn": "",
            "lambda_success_feedback_role_arn": "",
            "lambda_success_feedback_sample_rate": 0,
            "name": "sensor-data-topic",
            "name_prefix": "",
            "owner": "453914763342",
            "policy": "{\"Id\":\"__default_policy_ID\",\"Statement\":[{\"Action\":[\"SNS:GetTopicAttributes\",\"SNS:SetTopicAttributes\",\"SNS:AddPermission\",\"SNS:RemovePermission\",\"SNS:DeleteTopic\",\"SNS:Subscribe\",\"SNS:ListSubscriptionsByTopic\",\"SNS:Publish\"],\"Condition\":{\"StringEquals\":{\"AWS:SourceOwner\":\"453914763342\"}},\"Effect\":\"Allow\",\"Principal\":{\"AWS\":\"*\"},\"Resource\":\"arn:aws:sns:ap-south-1:453914763342:sensor-data-topic\",\"Sid\":\"__default_statement_ID\"}],\"Version\":\"2008-10-17\"}",
            "signature_version": 0,
            "sqs_failure_feedback_role_arn": "",
            "sqs_success_feedback_role_arn": "",
            "sqs_success_feedback_sample_rate": 0,
            "tags": {
              "Environment": "prod",
              "Project": "sensor-kpi-pipeline"
            },
            "tags_all": {
              "Environment": "prod",
              "Project": "sensor-kpi-pipeline"
            },
            "tracing_config": ""
          },
          "sensitive_attributes": [],
          "identity_schema_version": 0,
          "private": "bnVsbA=="
        }
      ]
    },
    {
      "mode": "managed",
      "type": "aws_sns_topic_policy",
      "name": "sensor_data",
      "provider": "provider[\"registry.terraform.io/hashicorp/aws\"]",
      "instances": [
        {
          "schema_version": 0,
          "attributes": {
            "arn": "arn:aws:sns:ap-south-1:453914763342:sensor-data-topic",
            "id": "arn:aws:sns:ap-south-1:453914763342:sensor-data-topic",
            "owner": "453914763342",
            "policy": "{\"Statement\":[{\"Action\":\"SNS:Publish\",\"Condition\":{\"ArnLike\":{\"aws:SourceArn\":\"arn:aws:s3:::raw-sensor-data-bucket-bfa-20260915-ap\"}},\"Effect\":\"Allow\",\"Principal\":{\"Service\":\"s3.amazonaws.com\"},\"Resource\":\"arn:aws:sns:ap-south-1:453914763342:sensor-data-topic\",\"Sid\":\"AllowS3Publish\"}],\"Version\":\"2012-10-17\"}"
          },
          "sensitive_attributes": [],
          "identity_schema_version": 0,
          "private": "bnVsbA==",
          "dependencies": [
            "aws_s3_bucket.raw_sensor_data",
            "aws_sns_topic.sensor_data"
          ]
        }
      ]
    },
    {
      "mode": "managed",
      "type": "aws_sns_topic_subscription",
      "name": "sensor_data_to_sqs",
      "provider": "provider[\"registry.terraform.io/hashicorp/aws\"]",
      "instances": [
        {
          "schema_version": 0,
          "attributes": {
            "arn": "arn:aws:sns:ap-south-1:453914763342:sensor-data-topic:9935c8cf-e46e-4dc7-a439-a6727a2a4876",
            "confirmation_timeout_in_minutes": 1,
            "confirmation_was_authenticated": true,
            "delivery_policy": "",
            "endpoint": "arn:aws:sqs:ap-south-1:453914763342:sensor-data-queue",
            "endpoint_auto_confirms": false,
            "filter_policy": "",
            "filter_policy_scope": "",
            "id": "arn:aws:sns:ap-south-1:453914763342:sensor-data-topic:9935c8cf-e46e-4dc7-a439-a6727a2a4876",
            "owner_id": "453914763342",
            "pending_confirmation": false,
            "protocol": "sqs",
            "raw_message_delivery": false,
            "redrive_policy": "",
            "replay_policy": "",
            "subscription_role_arn": "",
            "topic_arn": "arn:aws:sns:ap-south-1:453914763342:sensor-data-topic"
          },
          "sensitive_attributes": [],
          "identity_schema_version": 0,
          "private": "bnVsbA==",
          "dependencies": [
            "aws_sns_topic.sensor_data",
            "aws_sqs_queue.sensor_data",
            "aws_sqs_queue.sensor_data_dlq"
          ]
        }
      ]
    },
    {
      "mode": "managed",
      "type": "aws_sqs_queue",
      "name": "sensor_data",
      "provider": "provider[\"registry.terraform.io/hashicorp/aws\"]",
      "instances": [
        {
          "schema_version": 0,
          "attributes": {
            "arn": "arn:aws:sqs:ap-south-1:453914763342:sensor-data-queue",
            "content_based_deduplication": false,
            "deduplication_scope": "",
            "delay_seconds": 0,
            "fifo_queue": false,
            "fifo_throughput_limit": "",
            "id": "https://sqs.ap-south-1.amazonaws.com/453914763342/sensor-data-queue",
            "kms_data_key_reuse_period_seconds": 300,
            "kms_master_key_id": "",
            "max_message_size": 262144,
            "message_retention_seconds": 345600,
            "name": "sensor-data-queue",
            "name_prefix": "",
            "policy": "",
            "receive_wait_time_seconds": 0,
            "redrive_allow_policy": "",
            "redrive_policy": "{\"deadLetterTargetArn\":\"arn:aws:sqs:ap-south-1:453914763342:sensor-data-queue-dlq\",\"maxReceiveCount\":5}",
            "sqs_managed_sse_enabled": true,
            "tags": {
              "Environment": "prod",
              "Project": "sensor-kpi-pipeline"
            },
            "tags_all": {
              "Environment": "prod",
              "Project": "sensor-kpi-pipeline"
            },
            "timeouts": null,
            "url": "https://sqs.ap-south-1.amazonaws.com/453914763342/sensor-data-queue",
            "visibility_timeout_seconds": 60
          },
          "sensitive_attributes": [],
          "identity_schema_version": 0,
          "private": "eyJlMmJmYjczMC1lY2FhLTExZTYtOGY4OC0zNDM2M2JjN2M0YzAiOnsiY3JlYXRlIjoxODAwMDAwMDAwMDAsImRlbGV0ZSI6MTgwMDAwMDAwMDAwLCJ1cGRhdGUiOjE4MDAwMDAwMDAwMH19",
          "dependencies": [
            "aws_sqs_queue.sensor_data_dlq"
          ]
        }
      ]
    },
    {
      "mode": "managed",
      "type": "aws_sqs_queue",
      "name": "sensor_data_dlq",
      "provider": "provider[\"registry.terraform.io/hashicorp/aws\"]",
      "instances": [
        {
          "schema_version": 0,
          "attributes": {
            "arn": "arn:aws:sqs:ap-south-1:453914763342:sensor-data-queue-dlq",
            "content_based_deduplication": false,
            "deduplication_scope": "",
            "delay_seconds": 0,
            "fifo_queue": false,
            "fifo_throughput_limit": "",
            "id": "https://sqs.ap-south-1.amazonaws.com/453914763342/sensor-data-queue-dlq",
            "kms_data_key_reuse_period_seconds": 300,
            "kms_master_key_id": "",
            "max_message_size": 262144,
            "message_retention_seconds": 1209600,
            "name": "sensor-data-queue-dlq",
            "name_prefix": "",
            "policy": "",
            "receive_wait_time_seconds": 0,
            "redrive_allow_policy": "",
            "redrive_policy": "",
            "sqs_managed_sse_enabled": true,
            "tags": {
              "Environment": "prod",
              "Project": "sensor-kpi-pipeline"
            },
            "tags_all": {
              "Environment": "prod",
              "Project": "sensor-kpi-pipeline"
            },
            "timeouts": null,
            "url": "https://sqs.ap-south-1.amazonaws.com/453914763342/sensor-data-queue-dlq",
            "visibility_timeout_seconds": 30
          },
          "sensitive_attributes": [],
          "identity_schema_version": 0,
          "private": "eyJlMmJmYjczMC1lY2FhLTExZTYtOGY4OC0zNDM2M2JjN2M0YzAiOnsiY3JlYXRlIjoxODAwMDAwMDAwMDAsImRlbGV0ZSI6MTgwMDAwMDAwMDAwLCJ1cGRhdGUiOjE4MDAwMDAwMDAwMH19"
        }
      ]
    },
    {
      "mode": "managed",
      "type": "aws_sqs_queue_policy",
      "name": "sensor_data",
      "provider": "provider[\"registry.terraform.io/hashicorp/aws\"]",
      "instances": [
        {
          "schema_version": 1,
          "attributes": {
            "id": "https://sqs.ap-south-1.amazonaws.com/453914763342/sensor-data-queue",
            "policy": "{\"Statement\":[{\"Action\":\"sqs:SendMessage\",\"Condition\":{\"ArnEquals\":{\"aws:SourceArn\":\"arn:aws:sns:ap-south-1:453914763342:sensor-data-topic\"}},\"Effect\":\"Allow\",\"Principal\":{\"Service\":\"sns.amazonaws.com\"},\"Resource\":\"arn:aws:sqs:ap-south-1:453914763342:sensor-data-queue\",\"Sid\":\"AllowSNSSendMessage\"}],\"Version\":\"2012-10-17\"}",
            "queue_url": "https://sqs.ap-south-1.amazonaws.com/453914763342/sensor-data-queue"
          },
          "sensitive_attributes": [],
          "identity_schema_version": 0,
          "private": "eyJzY2hlbWFfdmVyc2lvbiI6IjEifQ==",
          "dependencies": [
            "aws_sns_topic.sensor_data",
            "aws_sqs_queue.sensor_data",
            "aws_sqs_queue.sensor_data_dlq"
          ]
        }
      ]
    },
    {
      "mode": "managed",
      "type": "local_sensitive_file",
      "name": "ec2_private_key",
      "provider": "provider[\"registry.terraform.io/hashicorp/local\"]",
      "instances": [
        {
          "index_key": 0,
          "schema_version": 0,
          "attributes": {
            "content": "-----BEGIN OPENSSH PRIVATE KEY-----\nb3BlbnNzaC1rZXktdjEAAAAABG5vbmUAAAAEbm9uZQAAAAAAAAABAAACFwAAAAdz\nc2gtcnNhAAAAAwEAAQAAAgEAoOSqscoE6evqNWPg8RrzaWIYlX6dX2gQxBEmE8dj\nDwnhqu2fUhlgBecJDTSx3Sk8S+oyWi13AIn2WqxdyiSaAuDGkSak5pgKfLfR+05V\n3vvrVUbR1wM0egO0dN+Kio9CtxbE98LC3f+7i//f2ZNMa4vPcfAdVrAN8T1Ud2B8\noCNySssDfCyPiAy39Y249DbOpuUyHb7R+BC9Bv/KDil7wYu8VnwBYLglV9/VAOIg\nbYcvwS85mDfW7nQ0z6H5ZCuAErRYJ4u5kiocP0+6UYwq/yPeIgfxsAhEOp1Xw4df\nVbV7nwiU9XlVhUrZTw4BWlK3ZYKz0uOydv6yw39TKEyIKApvRhOIFTJeQq0oVAve\nx2nlQBTHlsO2Q0vy5FlWB8U3vd6v8sxKqWPywxpjiZ9JIO9FKDbp5ZBt8yZNiuty\n9LkLf/RrAIsMayV5rjE1liznXA2ZHYXhVdQl/cULYOEaaOp5kCZOs1XvBb+6flCA\nM17hn2TjyJrZpvHksaxcRbAjSEQkAiYbxmZA6hJ4xqf/KenvWco3SDePlEqoPVEC\nPFuM6J3iihELWiUWrEP2SuQ/YnWdGTJvx661Ze1ezOB1JUfV3fqroODDiB1p4yWT\nvN5rBvYHiVyZAaXse8wXt8LJdtU31RVnIXU0qegmUmUjleNxAXMf2iTJMUmQ5DIl\nviEAAAc42QyN+NkMjfgAAAAHc3NoLXJzYQAAAgEAoOSqscoE6evqNWPg8RrzaWIY\nlX6dX2gQxBEmE8djDwnhqu2fUhlgBecJDTSx3Sk8S+oyWi13AIn2WqxdyiSaAuDG\nkSak5pgKfLfR+05V3vvrVUbR1wM0egO0dN+Kio9CtxbE98LC3f+7i//f2ZNMa4vP\ncfAdVrAN8T1Ud2B8oCNySssDfCyPiAy39Y249DbOpuUyHb7R+BC9Bv/KDil7wYu8\nVnwBYLglV9/VAOIgbYcvwS85mDfW7nQ0z6H5ZCuAErRYJ4u5kiocP0+6UYwq/yPe\nIgfxsAhEOp1Xw4dfVbV7nwiU9XlVhUrZTw4BWlK3ZYKz0uOydv6yw39TKEyIKApv\nRhOIFTJeQq0oVAvex2nlQBTHlsO2Q0vy5FlWB8U3vd6v8sxKqWPywxpjiZ9JIO9F\nKDbp5ZBt8yZNiuty9LkLf/RrAIsMayV5rjE1liznXA2ZHYXhVdQl/cULYOEaaOp5\nkCZOs1XvBb+6flCAM17hn2TjyJrZpvHksaxcRbAjSEQkAiYbxmZA6hJ4xqf/Kenv\nWco3SDePlEqoPVECPFuM6J3iihELWiUWrEP2SuQ/YnWdGTJvx661Ze1ezOB1JUfV\n3fqroODDiB1p4yWTvN5rBvYHiVyZAaXse8wXt8LJdtU31RVnIXU0qegmUmUjleNx\nAXMf2iTJMUmQ5DIlviEAAAADAQABAAACAAP8YDps8VnYcGYb1CNy9glj/s0KzMQj\nnkk2LcvfBFYnufOHpRsWAfgJdwLgzaB3jFzq144eetiMgmnxA9aNeTOFrSOkygBk\nrztTXDhKIrRWSDhly45kn97fMz/zNwHbXlUt8ymaZYSViJhVeZ6gsJuoNDab0sU+\nUa0almpp7XJz6FmgHYUsry5ZFtBWb0jdB/nwWwFLxDS9mOo4yWEYD97dyufXVPsn\n+rRaaSLnRzOBbipedLI/vWNNRY7ogca0kWzdMwMhSfLMGGSs4WYyZ1EIauEL0nXo\ngYS0d8tyMcdcOmyYXETXyXmmrtsfkyLhQlX5YsIwZgAey4/OamFo4nVV68hqUvR6\nE4Y5ETzZOgL7bPigCAd6WZKbpX5r5D4eKUY1Y+Uk7ueqfigJtyMWBL+MEtLuSMTd\naW57L0QDOI4p5OsjOckUcJMSkJzTiOE8VPVp6bw/Lw1pHRE2+pWHBhosmgvkTbup\nFZe7a6vaxXwTLyA5JMccglZjIwI3QaNGedH9pan7irVfe6j0MQXwSx+V399jIHwf\nbtzQ0HmShexu8ULZyAYr+tmVdNoK8BHLpr1yaVOH9ouIrPVZ4u3u8SiM3e7/oSOl\nQxP3Fb6xOCYg4Qq+zIefxckVQcJ9hPy+iy0rpdzVjPpS6VsbL5ejDvGbGQN0BzAS\nqiThbH314d+RAAABAQC85jyDEgR50X3bui/gI7XkCu1SvmRSrewhk1x6QxJZ+HjT\nr46mm2U5YDcEklzMBF4NgrkLcOyKuhjVu+6fWkuijtUnzMKbEW/ul3EaA3Plw7sI\nsagZg0nAY9Ad3LHXLHSEf+n+gQRfKLJruuJQoCaCggB4SFOIJIY9TT6VALb+XFXB\nmtyGIudHT/aCO6XOIBJTEFpk+Xaq8+Fkm/q8nJcUESVH+MVVxpQLZZ+L+4/mZPA/\n62dgER1oET8LecOCRJiqrmN5Rlg4VoRluJPbu+S9WupcGnE5GhyLopDYNHCvwSTs\nN3tB6Z3J7lO8rYBhTrKYwyTmSkhhDGdeKyXe6nt7AAABAQDEipisParhV0m03bAz\n6jWlonOwLTSt7HE37oNQdAKpdOt8a8yospZCOOUe+cq1QYVmBDpZwqj4U1Mv2jri\nJam8yYEFugsgGf9S0Z/TCSygfMdqjGkJk2wKpZXctGV14PoWz0tHMrmadsM4Zwjn\nZCYhSre/RKVFHUubiHkaGB1lqW29JV7bzW2tBgI0J0wxCdU6gB0/R1ZVkwvBlpx+\n8jwdEbvTbRJ/9wYteNIyp/g1Y4X8nl/MlP+TdJ3JwpInmBxrIuxUWbkozwVcZuNw\nr5TaBOrsnpA7R4pkv7qzA8ZBux+woyMsfbMymxap2yGDBMxe22XgMSOIeMiRvF99\nG01RAAABAQDRkUCKIN52Cr08I4J9jxcnARaFWySZlFXDi76k/Nz3CgEeiXt/24F+\nLEwKsy+emNumhfEwB+JxXfXZayGuXsOba7TcMig5OXkOQlTixJF8if+mx+SPfm7/\nsm/Dthw1bQWBVRCYaRNpz9HdmdaRpfcejewHgAP7EbTabA0rCjIlx/Vvrua+dHqI\n9KuPcYkULFSJrWEkz8xeTFGOiCutDt/fSrY12PCN6Z3mQzJuFOvF8XUcTmjvvehJ\niGIRLUWw73vxfEfNByHeN0Vw2T/T+pSX/3shvN61+TfwsfaJTIIXBS5Xg/RQ1N+e\nVIyBgJA0lTyOoJ4PiPIjOP8h1Fv3ne/RAAAAAAEC\n-----END OPENSSH PRIVATE KEY-----\n",
            "content_base64": null,
            "content_base64sha256": "XjMCpjAiQJB29FTKYZA/TVNDTq7NdHaU8OD7s7OI4eQ=",
            "content_base64sha512": "3YXG6MbILko5BDr2q/USqPZQYBeyMC4Vo9G5LZ5hq2hXtiyo0u2pbXLyqC0CcMpAAdBE3Tr3F4GphAg+ZhEehw==",
            "content_md5": "e169864bf41da2713d928bd1410aff37",
            "content_sha1": "bd2888ad12b4adc622012860d4aebed926099172",
            "content_sha256": "5e3302a63022409076f454ca61903f4d53434eaecd747694f0e0fbb3b388e1e4",
            "content_sha512": "dd85c6e8c6c82e4a39043af6abf512a8f6506017b2302e15a3d1b92d9e61ab6857b62ca8d2eda96d72f2a82d0270ca4001d044dd3af71781a984083e66111e87",
            "directory_permission": "0700",
            "file_permission": "0600",
            "filename": "/home/bfa/kpidatareporttf/sensor-kpi-ec2.pem",
            "id": "bd2888ad12b4adc622012860d4aebed926099172",
            "source": null
          },
          "sensitive_attributes": [
            [
              {
                "type": "get_attr",
                "value": "content"
              }
            ],
            [
              {
                "type": "get_attr",
                "value": "content_base64"
              }
            ]
          ],
          "identity_schema_version": 0,
          "dependencies": [
            "tls_private_key.ec2_poller"
          ]
        }
      ]
    },
    {
      "mode": "managed",
      "type": "tls_private_key",
      "name": "ec2_poller",
      "provider": "provider[\"registry.terraform.io/hashicorp/tls\"]",
      "instances": [
        {
          "index_key": 0,
          "schema_version": 1,
          "attributes": {
            "algorithm": "RSA",
            "ecdsa_curve": "P224",
            "id": "6458fa6c75d93bc6f906b1919377e2f422c6aeb1",
            "private_key_openssh": "-----BEGIN OPENSSH PRIVATE KEY-----\nb3BlbnNzaC1rZXktdjEAAAAABG5vbmUAAAAEbm9uZQAAAAAAAAABAAACFwAAAAdz\nc2gtcnNhAAAAAwEAAQAAAgEAoOSqscoE6evqNWPg8RrzaWIYlX6dX2gQxBEmE8dj\nDwnhqu2fUhlgBecJDTSx3Sk8S+oyWi13AIn2WqxdyiSaAuDGkSak5pgKfLfR+05V\n3vvrVUbR1wM0egO0dN+Kio9CtxbE98LC3f+7i//f2ZNMa4vPcfAdVrAN8T1Ud2B8\noCNySssDfCyPiAy39Y249DbOpuUyHb7R+BC9Bv/KDil7wYu8VnwBYLglV9/VAOIg\nbYcvwS85mDfW7nQ0z6H5ZCuAErRYJ4u5kiocP0+6UYwq/yPeIgfxsAhEOp1Xw4df\nVbV7nwiU9XlVhUrZTw4BWlK3ZYKz0uOydv6yw39TKEyIKApvRhOIFTJeQq0oVAve\nx2nlQBTHlsO2Q0vy5FlWB8U3vd6v8sxKqWPywxpjiZ9JIO9FKDbp5ZBt8yZNiuty\n9LkLf/RrAIsMayV5rjE1liznXA2ZHYXhVdQl/cULYOEaaOp5kCZOs1XvBb+6flCA\nM17hn2TjyJrZpvHksaxcRbAjSEQkAiYbxmZA6hJ4xqf/KenvWco3SDePlEqoPVEC\nPFuM6J3iihELWiUWrEP2SuQ/YnWdGTJvx661Ze1ezOB1JUfV3fqroODDiB1p4yWT\nvN5rBvYHiVyZAaXse8wXt8LJdtU31RVnIXU0qegmUmUjleNxAXMf2iTJMUmQ5DIl\nviEAAAc42QyN+NkMjfgAAAAHc3NoLXJzYQAAAgEAoOSqscoE6evqNWPg8RrzaWIY\nlX6dX2gQxBEmE8djDwnhqu2fUhlgBecJDTSx3Sk8S+oyWi13AIn2WqxdyiSaAuDG\nkSak5pgKfLfR+05V3vvrVUbR1wM0egO0dN+Kio9CtxbE98LC3f+7i//f2ZNMa4vP\ncfAdVrAN8T1Ud2B8oCNySssDfCyPiAy39Y249DbOpuUyHb7R+BC9Bv/KDil7wYu8\nVnwBYLglV9/VAOIgbYcvwS85mDfW7nQ0z6H5ZCuAErRYJ4u5kiocP0+6UYwq/yPe\nIgfxsAhEOp1Xw4dfVbV7nwiU9XlVhUrZTw4BWlK3ZYKz0uOydv6yw39TKEyIKApv\nRhOIFTJeQq0oVAvex2nlQBTHlsO2Q0vy5FlWB8U3vd6v8sxKqWPywxpjiZ9JIO9F\nKDbp5ZBt8yZNiuty9LkLf/RrAIsMayV5rjE1liznXA2ZHYXhVdQl/cULYOEaaOp5\nkCZOs1XvBb+6flCAM17hn2TjyJrZpvHksaxcRbAjSEQkAiYbxmZA6hJ4xqf/Kenv\nWco3SDePlEqoPVECPFuM6J3iihELWiUWrEP2SuQ/YnWdGTJvx661Ze1ezOB1JUfV\n3fqroODDiB1p4yWTvN5rBvYHiVyZAaXse8wXt8LJdtU31RVnIXU0qegmUmUjleNx\nAXMf2iTJMUmQ5DIlviEAAAADAQABAAACAAP8YDps8VnYcGYb1CNy9glj/s0KzMQj\nnkk2LcvfBFYnufOHpRsWAfgJdwLgzaB3jFzq144eetiMgmnxA9aNeTOFrSOkygBk\nrztTXDhKIrRWSDhly45kn97fMz/zNwHbXlUt8ymaZYSViJhVeZ6gsJuoNDab0sU+\nUa0almpp7XJz6FmgHYUsry5ZFtBWb0jdB/nwWwFLxDS9mOo4yWEYD97dyufXVPsn\n+rRaaSLnRzOBbipedLI/vWNNRY7ogca0kWzdMwMhSfLMGGSs4WYyZ1EIauEL0nXo\ngYS0d8tyMcdcOmyYXETXyXmmrtsfkyLhQlX5YsIwZgAey4/OamFo4nVV68hqUvR6\nE4Y5ETzZOgL7bPigCAd6WZKbpX5r5D4eKUY1Y+Uk7ueqfigJtyMWBL+MEtLuSMTd\naW57L0QDOI4p5OsjOckUcJMSkJzTiOE8VPVp6bw/Lw1pHRE2+pWHBhosmgvkTbup\nFZe7a6vaxXwTLyA5JMccglZjIwI3QaNGedH9pan7irVfe6j0MQXwSx+V399jIHwf\nbtzQ0HmShexu8ULZyAYr+tmVdNoK8BHLpr1yaVOH9ouIrPVZ4u3u8SiM3e7/oSOl\nQxP3Fb6xOCYg4Qq+zIefxckVQcJ9hPy+iy0rpdzVjPpS6VsbL5ejDvGbGQN0BzAS\nqiThbH314d+RAAABAQC85jyDEgR50X3bui/gI7XkCu1SvmRSrewhk1x6QxJZ+HjT\nr46mm2U5YDcEklzMBF4NgrkLcOyKuhjVu+6fWkuijtUnzMKbEW/ul3EaA3Plw7sI\nsagZg0nAY9Ad3LHXLHSEf+n+gQRfKLJruuJQoCaCggB4SFOIJIY9TT6VALb+XFXB\nmtyGIudHT/aCO6XOIBJTEFpk+Xaq8+Fkm/q8nJcUESVH+MVVxpQLZZ+L+4/mZPA/\n62dgER1oET8LecOCRJiqrmN5Rlg4VoRluJPbu+S9WupcGnE5GhyLopDYNHCvwSTs\nN3tB6Z3J7lO8rYBhTrKYwyTmSkhhDGdeKyXe6nt7AAABAQDEipisParhV0m03bAz\n6jWlonOwLTSt7HE37oNQdAKpdOt8a8yospZCOOUe+cq1QYVmBDpZwqj4U1Mv2jri\nJam8yYEFugsgGf9S0Z/TCSygfMdqjGkJk2wKpZXctGV14PoWz0tHMrmadsM4Zwjn\nZCYhSre/RKVFHUubiHkaGB1lqW29JV7bzW2tBgI0J0wxCdU6gB0/R1ZVkwvBlpx+\n8jwdEbvTbRJ/9wYteNIyp/g1Y4X8nl/MlP+TdJ3JwpInmBxrIuxUWbkozwVcZuNw\nr5TaBOrsnpA7R4pkv7qzA8ZBux+woyMsfbMymxap2yGDBMxe22XgMSOIeMiRvF99\nG01RAAABAQDRkUCKIN52Cr08I4J9jxcnARaFWySZlFXDi76k/Nz3CgEeiXt/24F+\nLEwKsy+emNumhfEwB+JxXfXZayGuXsOba7TcMig5OXkOQlTixJF8if+mx+SPfm7/\nsm/Dthw1bQWBVRCYaRNpz9HdmdaRpfcejewHgAP7EbTabA0rCjIlx/Vvrua+dHqI\n9KuPcYkULFSJrWEkz8xeTFGOiCutDt/fSrY12PCN6Z3mQzJuFOvF8XUcTmjvvehJ\niGIRLUWw73vxfEfNByHeN0Vw2T/T+pSX/3shvN61+TfwsfaJTIIXBS5Xg/RQ1N+e\nVIyBgJA0lTyOoJ4PiPIjOP8h1Fv3ne/RAAAAAAEC\n-----END OPENSSH PRIVATE KEY-----\n",
            "private_key_pem": "-----BEGIN RSA PRIVATE KEY-----\nMIIJKAIBAAKCAgEAoOSqscoE6evqNWPg8RrzaWIYlX6dX2gQxBEmE8djDwnhqu2f\nUhlgBecJDTSx3Sk8S+oyWi13AIn2WqxdyiSaAuDGkSak5pgKfLfR+05V3vvrVUbR\n1wM0egO0dN+Kio9CtxbE98LC3f+7i//f2ZNMa4vPcfAdVrAN8T1Ud2B8oCNySssD\nfCyPiAy39Y249DbOpuUyHb7R+BC9Bv/KDil7wYu8VnwBYLglV9/VAOIgbYcvwS85\nmDfW7nQ0z6H5ZCuAErRYJ4u5kiocP0+6UYwq/yPeIgfxsAhEOp1Xw4dfVbV7nwiU\n9XlVhUrZTw4BWlK3ZYKz0uOydv6yw39TKEyIKApvRhOIFTJeQq0oVAvex2nlQBTH\nlsO2Q0vy5FlWB8U3vd6v8sxKqWPywxpjiZ9JIO9FKDbp5ZBt8yZNiuty9LkLf/Rr\nAIsMayV5rjE1liznXA2ZHYXhVdQl/cULYOEaaOp5kCZOs1XvBb+6flCAM17hn2Tj\nyJrZpvHksaxcRbAjSEQkAiYbxmZA6hJ4xqf/KenvWco3SDePlEqoPVECPFuM6J3i\nihELWiUWrEP2SuQ/YnWdGTJvx661Ze1ezOB1JUfV3fqroODDiB1p4yWTvN5rBvYH\niVyZAaXse8wXt8LJdtU31RVnIXU0qegmUmUjleNxAXMf2iTJMUmQ5DIlviECAwEA\nAQKCAgAD/GA6bPFZ2HBmG9QjcvYJY/7NCszEI55JNi3L3wRWJ7nzh6UbFgH4CXcC\n4M2gd4xc6teOHnrYjIJp8QPWjXkzha0jpMoAZK87U1w4SiK0Vkg4ZcuOZJ/e3zM/\n8zcB215VLfMpmmWElYiYVXmeoLCbqDQ2m9LFPlGtGpZqae1yc+hZoB2FLK8uWRbQ\nVm9I3Qf58FsBS8Q0vZjqOMlhGA/e3crn11T7J/q0Wmki50czgW4qXnSyP71jTUWO\n6IHGtJFs3TMDIUnyzBhkrOFmMmdRCGrhC9J16IGEtHfLcjHHXDpsmFxE18l5pq7b\nH5Mi4UJV+WLCMGYAHsuPzmphaOJ1VevIalL0ehOGORE82ToC+2z4oAgHelmSm6V+\na+Q+HilGNWPlJO7nqn4oCbcjFgS/jBLS7kjE3Wluey9EAziOKeTrIznJFHCTEpCc\n04jhPFT1aem8Py8NaR0RNvqVhwYaLJoL5E27qRWXu2ur2sV8Ey8gOSTHHIJWYyMC\nN0GjRnnR/aWp+4q1X3uo9DEF8Esfld/fYyB8H27c0NB5koXsbvFC2cgGK/rZlXTa\nCvARy6a9cmlTh/aLiKz1WeLt7vEojN3u/6EjpUMT9xW+sTgmIOEKvsyHn8XJFUHC\nfYT8vostK6Xc1Yz6UulbGy+Xow7xmxkDdAcwEqok4Wx99eHfkQKCAQEAxIqYrD2q\n4VdJtN2wM+o1paJzsC00rexxN+6DUHQCqXTrfGvMqLKWQjjlHvnKtUGFZgQ6WcKo\n+FNTL9o64iWpvMmBBboLIBn/UtGf0wksoHzHaoxpCZNsCqWV3LRldeD6Fs9LRzK5\nmnbDOGcI52QmIUq3v0SlRR1Lm4h5GhgdZaltvSVe281trQYCNCdMMQnVOoAdP0dW\nVZMLwZacfvI8HRG7020Sf/cGLXjSMqf4NWOF/J5fzJT/k3SdycKSJ5gcayLsVFm5\nKM8FXGbjcK+U2gTq7J6QO0eKZL+6swPGQbsfsKMjLH2zMpsWqdshgwTMXttl4DEj\niHjIkbxffRtNUQKCAQEA0ZFAiiDedgq9PCOCfY8XJwEWhVskmZRVw4u+pPzc9woB\nHol7f9uBfixMCrMvnpjbpoXxMAficV312Wshrl7Dm2u03DIoOTl5DkJU4sSRfIn/\npsfkj35u/7Jvw7YcNW0FgVUQmGkTac/R3ZnWkaX3Ho3sB4AD+xG02mwNKwoyJcf1\nb67mvnR6iPSrj3GJFCxUia1hJM/MXkxRjogrrQ7f30q2Ndjwjemd5kMybhTrxfF1\nHE5o773oSYhiES1FsO978XxHzQch3jdFcNk/0/qUl/97Ibzetfk38LH2iUyCFwUu\nV4P0UNTfnlSMgYCQNJU8jqCeD4jyIzj/IdRb953v0QKCAQBaMvVATwjmZAXqoLcm\nDD3Up0qKtyRvEY0gSzEush8qoAMW1e5WGafF+pCEd8UlDE3pdNVGroSXer45vuC5\nOum8P4ocE7bZY7T+0D+WPaaifMGUT55BC8xQ0o+Fe7D4uWhtIXN92HS/w/NyJi86\n6oZpTv4nJJzorDovxiE17Y1IQ8qePNFc9Nl5x8EpKEPaWZXnRDan/NhNa6/Ah5uI\n0yjtel8F+A++dKL8KW/mWZoa/nLWbeSvYk4s4R8tIkOrMi8QqDVnvMmyRdhDAOEu\nrRYWPJ2IPHkbC4kjFa7cS0YoknVHvob8+y9LcUukZnHpzEDy46PMkSCqmCwMXjRA\nmVARAoIBAGJqXS3A+9fheTbZ0jkWzp+hkir0P37kO1aGtPQUT8yv5RCrLdVAh1Jy\niQ9pUM6hKF3OfxK4US4+GuuMtReHJ0NA1IGoCF2/UMtSeTy5ZT1gLS/spbiBfq0T\n5gq55gts9G3lPdLlXZmOYBc6XJqvnxq5OYPYKYZprU35+kEhG6XEfs2BDJmaZ8UT\nadIGVoKjwtuZEYrRDz+lhZNy/VfbKWVaV7F3/JgYgu+U1QT/TC38E6xEYmFcBM8r\nfipk4VqTTNh+LdXqKIyL1k+FpsTs44VyFCgm40wACrY9TPLzfBBFfZrZvA2NuqpH\nOGjEsHQRNYwhf7j57gR+isofSUVC5VECggEBALzmPIMSBHnRfdu6L+AjteQK7VK+\nZFKt7CGTXHpDEln4eNOvjqabZTlgNwSSXMwEXg2CuQtw7Iq6GNW77p9aS6KO1SfM\nwpsRb+6XcRoDc+XDuwixqBmDScBj0B3csdcsdIR/6f6BBF8osmu64lCgJoKCAHhI\nU4gkhj1NPpUAtv5cVcGa3IYi50dP9oI7pc4gElMQWmT5dqrz4WSb+ryclxQRJUf4\nxVXGlAtln4v7j+Zk8D/rZ2ARHWgRPwt5w4JEmKquY3lGWDhWhGW4k9u75L1a6lwa\ncTkaHIuikNg0cK/BJOw3e0HpncnuU7ytgGFOspjDJOZKSGEMZ14rJd7qe3s=\n-----END RSA PRIVATE KEY-----\n",
            "private_key_pem_pkcs8": "-----BEGIN PRIVATE KEY-----\nMIIJQgIBADANBgkqhkiG9w0BAQEFAASCCSwwggkoAgEAAoICAQCg5KqxygTp6+o1\nY+DxGvNpYhiVfp1faBDEESYTx2MPCeGq7Z9SGWAF5wkNNLHdKTxL6jJaLXcAifZa\nrF3KJJoC4MaRJqTmmAp8t9H7TlXe++tVRtHXAzR6A7R034qKj0K3FsT3wsLd/7uL\n/9/Zk0xri89x8B1WsA3xPVR3YHygI3JKywN8LI+IDLf1jbj0Ns6m5TIdvtH4EL0G\n/8oOKXvBi7xWfAFguCVX39UA4iBthy/BLzmYN9budDTPoflkK4AStFgni7mSKhw/\nT7pRjCr/I94iB/GwCEQ6nVfDh19VtXufCJT1eVWFStlPDgFaUrdlgrPS47J2/rLD\nf1MoTIgoCm9GE4gVMl5CrShUC97HaeVAFMeWw7ZDS/LkWVYHxTe93q/yzEqpY/LD\nGmOJn0kg70UoNunlkG3zJk2K63L0uQt/9GsAiwxrJXmuMTWWLOdcDZkdheFV1CX9\nxQtg4Rpo6nmQJk6zVe8Fv7p+UIAzXuGfZOPImtmm8eSxrFxFsCNIRCQCJhvGZkDq\nEnjGp/8p6e9ZyjdIN4+USqg9UQI8W4zoneKKEQtaJRasQ/ZK5D9idZ0ZMm/HrrVl\n7V7M4HUlR9Xd+qug4MOIHWnjJZO83msG9geJXJkBpex7zBe3wsl21TfVFWchdTSp\n6CZSZSOV43EBcx/aJMkxSZDkMiW+IQIDAQABAoICAAP8YDps8VnYcGYb1CNy9glj\n/s0KzMQjnkk2LcvfBFYnufOHpRsWAfgJdwLgzaB3jFzq144eetiMgmnxA9aNeTOF\nrSOkygBkrztTXDhKIrRWSDhly45kn97fMz/zNwHbXlUt8ymaZYSViJhVeZ6gsJuo\nNDab0sU+Ua0almpp7XJz6FmgHYUsry5ZFtBWb0jdB/nwWwFLxDS9mOo4yWEYD97d\nyufXVPsn+rRaaSLnRzOBbipedLI/vWNNRY7ogca0kWzdMwMhSfLMGGSs4WYyZ1EI\nauEL0nXogYS0d8tyMcdcOmyYXETXyXmmrtsfkyLhQlX5YsIwZgAey4/OamFo4nVV\n68hqUvR6E4Y5ETzZOgL7bPigCAd6WZKbpX5r5D4eKUY1Y+Uk7ueqfigJtyMWBL+M\nEtLuSMTdaW57L0QDOI4p5OsjOckUcJMSkJzTiOE8VPVp6bw/Lw1pHRE2+pWHBhos\nmgvkTbupFZe7a6vaxXwTLyA5JMccglZjIwI3QaNGedH9pan7irVfe6j0MQXwSx+V\n399jIHwfbtzQ0HmShexu8ULZyAYr+tmVdNoK8BHLpr1yaVOH9ouIrPVZ4u3u8SiM\n3e7/oSOlQxP3Fb6xOCYg4Qq+zIefxckVQcJ9hPy+iy0rpdzVjPpS6VsbL5ejDvGb\nGQN0BzASqiThbH314d+RAoIBAQDEipisParhV0m03bAz6jWlonOwLTSt7HE37oNQ\ndAKpdOt8a8yospZCOOUe+cq1QYVmBDpZwqj4U1Mv2jriJam8yYEFugsgGf9S0Z/T\nCSygfMdqjGkJk2wKpZXctGV14PoWz0tHMrmadsM4ZwjnZCYhSre/RKVFHUubiHka\nGB1lqW29JV7bzW2tBgI0J0wxCdU6gB0/R1ZVkwvBlpx+8jwdEbvTbRJ/9wYteNIy\np/g1Y4X8nl/MlP+TdJ3JwpInmBxrIuxUWbkozwVcZuNwr5TaBOrsnpA7R4pkv7qz\nA8ZBux+woyMsfbMymxap2yGDBMxe22XgMSOIeMiRvF99G01RAoIBAQDRkUCKIN52\nCr08I4J9jxcnARaFWySZlFXDi76k/Nz3CgEeiXt/24F+LEwKsy+emNumhfEwB+Jx\nXfXZayGuXsOba7TcMig5OXkOQlTixJF8if+mx+SPfm7/sm/Dthw1bQWBVRCYaRNp\nz9HdmdaRpfcejewHgAP7EbTabA0rCjIlx/Vvrua+dHqI9KuPcYkULFSJrWEkz8xe\nTFGOiCutDt/fSrY12PCN6Z3mQzJuFOvF8XUcTmjvvehJiGIRLUWw73vxfEfNByHe\nN0Vw2T/T+pSX/3shvN61+TfwsfaJTIIXBS5Xg/RQ1N+eVIyBgJA0lTyOoJ4PiPIj\nOP8h1Fv3ne/RAoIBAFoy9UBPCOZkBeqgtyYMPdSnSoq3JG8RjSBLMS6yHyqgAxbV\n7lYZp8X6kIR3xSUMTel01UauhJd6vjm+4Lk66bw/ihwTttljtP7QP5Y9pqJ8wZRP\nnkELzFDSj4V7sPi5aG0hc33YdL/D83ImLzrqhmlO/icknOisOi/GITXtjUhDyp48\n0Vz02XnHwSkoQ9pZledENqf82E1rr8CHm4jTKO16XwX4D750ovwpb+ZZmhr+ctZt\n5K9iTizhHy0iQ6syLxCoNWe8ybJF2EMA4S6tFhY8nYg8eRsLiSMVrtxLRiiSdUe+\nhvz7L0txS6RmcenMQPLjo8yRIKqYLAxeNECZUBECggEAYmpdLcD71+F5NtnSORbO\nn6GSKvQ/fuQ7Voa09BRPzK/lEKst1UCHUnKJD2lQzqEoXc5/ErhRLj4a64y1F4cn\nQ0DUgagIXb9Qy1J5PLllPWAtL+yluIF+rRPmCrnmC2z0beU90uVdmY5gFzpcmq+f\nGrk5g9gphmmtTfn6QSEbpcR+zYEMmZpnxRNp0gZWgqPC25kRitEPP6WFk3L9V9sp\nZVpXsXf8mBiC75TVBP9MLfwTrERiYVwEzyt+KmThWpNM2H4t1eoojIvWT4WmxOzj\nhXIUKCbjTAAKtj1M8vN8EEV9mtm8DY26qkc4aMSwdBE1jCF/uPnuBH6Kyh9JRULl\nUQKCAQEAvOY8gxIEedF927ov4CO15ArtUr5kUq3sIZNcekMSWfh406+OpptlOWA3\nBJJczAReDYK5C3DsiroY1bvun1pLoo7VJ8zCmxFv7pdxGgNz5cO7CLGoGYNJwGPQ\nHdyx1yx0hH/p/oEEXyiya7riUKAmgoIAeEhTiCSGPU0+lQC2/lxVwZrchiLnR0/2\ngjulziASUxBaZPl2qvPhZJv6vJyXFBElR/jFVcaUC2Wfi/uP5mTwP+tnYBEdaBE/\nC3nDgkSYqq5jeUZYOFaEZbiT27vkvVrqXBpxORoci6KQ2DRwr8Ek7Dd7Qemdye5T\nvK2AYU6ymMMk5kpIYQxnXisl3up7ew==\n-----END PRIVATE KEY-----\n",
            "public_key_fingerprint_md5": "22:71:78:e1:6e:bd:df:69:55:89:1b:af:f3:fb:0b:51",
            "public_key_fingerprint_sha256": "SHA256:OOpXkDsHRgl4DVhZS94ejG773FmiBtnWhoAPJ7l9a+Q",
            "public_key_openssh": "ssh-rsa AAAAB3NzaC1yc2EAAAADAQABAAACAQCg5KqxygTp6+o1Y+DxGvNpYhiVfp1faBDEESYTx2MPCeGq7Z9SGWAF5wkNNLHdKTxL6jJaLXcAifZarF3KJJoC4MaRJqTmmAp8t9H7TlXe++tVRtHXAzR6A7R034qKj0K3FsT3wsLd/7uL/9/Zk0xri89x8B1WsA3xPVR3YHygI3JKywN8LI+IDLf1jbj0Ns6m5TIdvtH4EL0G/8oOKXvBi7xWfAFguCVX39UA4iBthy/BLzmYN9budDTPoflkK4AStFgni7mSKhw/T7pRjCr/I94iB/GwCEQ6nVfDh19VtXufCJT1eVWFStlPDgFaUrdlgrPS47J2/rLDf1MoTIgoCm9GE4gVMl5CrShUC97HaeVAFMeWw7ZDS/LkWVYHxTe93q/yzEqpY/LDGmOJn0kg70UoNunlkG3zJk2K63L0uQt/9GsAiwxrJXmuMTWWLOdcDZkdheFV1CX9xQtg4Rpo6nmQJk6zVe8Fv7p+UIAzXuGfZOPImtmm8eSxrFxFsCNIRCQCJhvGZkDqEnjGp/8p6e9ZyjdIN4+USqg9UQI8W4zoneKKEQtaJRasQ/ZK5D9idZ0ZMm/HrrVl7V7M4HUlR9Xd+qug4MOIHWnjJZO83msG9geJXJkBpex7zBe3wsl21TfVFWchdTSp6CZSZSOV43EBcx/aJMkxSZDkMiW+IQ==\n",
            "public_key_pem": "-----BEGIN PUBLIC KEY-----\nMIICIjANBgkqhkiG9w0BAQEFAAOCAg8AMIICCgKCAgEAoOSqscoE6evqNWPg8Rrz\naWIYlX6dX2gQxBEmE8djDwnhqu2fUhlgBecJDTSx3Sk8S+oyWi13AIn2WqxdyiSa\nAuDGkSak5pgKfLfR+05V3vvrVUbR1wM0egO0dN+Kio9CtxbE98LC3f+7i//f2ZNM\na4vPcfAdVrAN8T1Ud2B8oCNySssDfCyPiAy39Y249DbOpuUyHb7R+BC9Bv/KDil7\nwYu8VnwBYLglV9/VAOIgbYcvwS85mDfW7nQ0z6H5ZCuAErRYJ4u5kiocP0+6UYwq\n/yPeIgfxsAhEOp1Xw4dfVbV7nwiU9XlVhUrZTw4BWlK3ZYKz0uOydv6yw39TKEyI\nKApvRhOIFTJeQq0oVAvex2nlQBTHlsO2Q0vy5FlWB8U3vd6v8sxKqWPywxpjiZ9J\nIO9FKDbp5ZBt8yZNiuty9LkLf/RrAIsMayV5rjE1liznXA2ZHYXhVdQl/cULYOEa\naOp5kCZOs1XvBb+6flCAM17hn2TjyJrZpvHksaxcRbAjSEQkAiYbxmZA6hJ4xqf/\nKenvWco3SDePlEqoPVECPFuM6J3iihELWiUWrEP2SuQ/YnWdGTJvx661Ze1ezOB1\nJUfV3fqroODDiB1p4yWTvN5rBvYHiVyZAaXse8wXt8LJdtU31RVnIXU0qegmUmUj\nleNxAXMf2iTJMUmQ5DIlviECAwEAAQ==\n-----END PUBLIC KEY-----\n",
            "rsa_bits": 4096
          },
          "sensitive_attributes": [
            [
              {
                "type": "get_attr",
                "value": "private_key_openssh"
              }
            ],
            [
              {
                "type": "get_attr",
                "value": "private_key_pem"
              }
            ],
            [
              {
                "type": "get_attr",
                "value": "private_key_pem_pkcs8"
              }
            ]
          ],
          "identity_schema_version": 0
        }
      ]
    }
  ],
  "check_results": null
}
